
Microsoft Visual Studio Solution File, Format Version 12.00
# Visual Studio Version 16
VisualStudioVersion = 16.0.29009.5
MinimumVisualStudioVersion = 10.0.40219.1
Project("{9A19103F-16F7-4668-BE54-9A1E7A4F7556}") = "ReserveTable.App", "ReserveTable\ReserveTable.App.csproj", "{ACEA04C9-94A0-452F-8C0C-C34CF4155737}"
EndProject
Project("{FAE04EC0-301F-11D3-BF4B-00C04F79EFBC}") = "ReserveTable.Data", "ReserveTable.Data\ReserveTable.Data.csproj", "{D7CFE1E4-960E-4BE5-BE2E-6FE0F4A83BDF}"
EndProject
Project("{FAE04EC0-301F-11D3-BF4B-00C04F79EFBC}") = "ReserveTable.Domain", "ReserveTable.Domain\ReserveTable.Domain.csproj", "{DECDC925-5B27-4B6C-8EC8-D26D71F89960}"
EndProject
Global
	GlobalSection(SolutionConfigurationPlatforms) = preSolution
		Debug|Any CPU = Debug|Any CPU
		Release|Any CPU = Release|Any CPU
	EndGlobalSection
	GlobalSection(ProjectConfigurationPlatforms) = postSolution
		{ACEA04C9-94A0-452F-8C0C-C34CF4155737}.Debug|Any CPU.ActiveCfg = Debug|Any CPU
		{ACEA04C9-94A0-452F-8C0C-C34CF4155737}.Debug|Any CPU.Build.0 = Debug|Any CPU
		{ACEA04C9-94A0-452F-8C0C-C34CF4155737}.Release|Any CPU.ActiveCfg = Release|Any CPU
		{ACEA04C9-94A0-452F-8C0C-C34CF4155737}.Release|Any CPU.Build.0 = Release|Any CPU
		{D7CFE1E4-960E-4BE5-BE2E-6FE0F4A83BDF}.Debug|Any CPU.ActiveCfg = Debug|Any CPU
		{D7CFE1E4-960E-4BE5-BE2E-6FE0F4A83BDF}.Debug|Any CPU.Build.0 = Debug|Any CPU
		{D7CFE1E4-960E-4BE5-BE2E-6FE0F4A83BDF}.Release|Any CPU.ActiveCfg = Release|Any CPU
		{D7CFE1E4-960E-4BE5-BE2E-6FE0F4A83BDF}.Release|Any CPU.Build.0 = Release|Any CPU
		{DECDC925-5B27-4B6C-8EC8-D26D71F89960}.Debug|Any CPU.ActiveCfg = Debug|Any CPU
		{DECDC925-5B27-4B6C-8EC8-D26D71F89960}.Debug|Any CPU.Build.0 = Debug|Any CPU
		{DECDC925-5B27-4B6C-8EC8-D26D71F89960}.Release|Any CPU.ActiveCfg = Release|Any CPU
		{DECDC925-5B27-4B6C-8EC8-D26D71F89960}.Release|Any CPU.Build.0 = Release|Any CPU
	EndGlobalSection
	GlobalSection(SolutionProperties) = preSolution
		HideSolutionNode = FALSE
	EndGlobalSection
	GlobalSection(ExtensibilityGlobals) = postSolution
		SolutionGuid = {4EC87D8C-BCFA-45CD-960A-5CF10CCF6A70}
	EndGlobalSection
EndGlobal
